
Microsoft Visual Studio Solution File, Format Version 12.00
# Visual Studio Version 17
VisualStudioVersion = 17.0.31903.59
MinimumVisualStudioVersion = 10.0.40219.1
Project("{FAE04EC0-301F-11D3-BF4B-00C04F79EFBC}") = "Daihoc_FPT_News", "Daihoc_FPT_News.csproj", "{EF89847F-73E9-419C-9C9C-73054D215937}"
EndProject
Global
	GlobalSection(SolutionConfigurationPlatforms) = preSolution
		Debug|Any CPU = Debug|Any CPU
		Release|Any CPU = Release|Any CPU
	EndGlobalSection
	GlobalSection(ProjectConfigurationPlatforms) = postSolution
		{EF89847F-73E9-419C-9C9C-73054D215937}.Debug|Any CPU.ActiveCfg = Debug|Any CPU
		{EF89847F-73E9-419C-9C9C-73054D215937}.Debug|Any CPU.Build.0 = Debug|Any CPU
		{EF89847F-73E9-419C-9C9C-73054D215937}.Release|Any CPU.ActiveCfg = Release|Any CPU
		{EF89847F-73E9-419C-9C9C-73054D215937}.Release|Any CPU.Build.0 = Release|Any CPU
	EndGlobalSection
	GlobalSection(SolutionProperties) = preSolution
		HideSolutionNode = FALSE
	EndGlobalSection
	GlobalSection(ExtensibilityGlobals) = postSolution
		SolutionGuid = {AB7F0511-A794-4AFD-A9D6-E55E1AA69595}
	EndGlobalSection
EndGlobal
